
Microsoft Visual Studio Solution File, Format Version 12.00
# Visual Studio Version 16
VisualStudioVersion = 16.0.31229.75
MinimumVisualStudioVersion = 10.0.40219.1
Project("{9A19103F-16F7-4668-BE54-9A1E7A4F7556}") = "DynamicForms.Server", "DynamicForms\Server\DynamicForms.Server.csproj", "{6DFB234A-567B-4F3E-A671-F3D7D470CE86}"
EndProject
Project("{9A19103F-16F7-4668-BE54-9A1E7A4F7556}") = "DynamicForms.Client", "DynamicForms\Client\DynamicForms.Client.csproj", "{D8715C04-C419-47A8-84CF-252B41674A9A}"
EndProject
Project("{9A19103F-16F7-4668-BE54-9A1E7A4F7556}") = "DynamicForms.Shared", "DynamicForms\Shared\DynamicForms.Shared.csproj", "{882A3B3F-1A15-498D-A935-22C3E5BC6F5F}"
EndProject
Project("{9A19103F-16F7-4668-BE54-9A1E7A4F7556}") = "DynamicForms.Database", "DynamicForms\Database\DynamicForms.Database.csproj", "{0ED16D4D-40F5-47E6-B400-A98C288F13F4}"
EndProject
Global
	GlobalSection(SolutionConfigurationPlatforms) = preSolution
		Debug|Any CPU = Debug|Any CPU
		Release|Any CPU = Release|Any CPU
	EndGlobalSection
	GlobalSection(ProjectConfigurationPlatforms) = postSolution
		{6DFB234A-567B-4F3E-A671-F3D7D470CE86}.Debug|Any CPU.ActiveCfg = Debug|Any CPU
		{6DFB234A-567B-4F3E-A671-F3D7D470CE86}.Debug|Any CPU.Build.0 = Debug|Any CPU
		{6DFB234A-567B-4F3E-A671-F3D7D470CE86}.Release|Any CPU.ActiveCfg = Release|Any CPU
		{6DFB234A-567B-4F3E-A671-F3D7D470CE86}.Release|Any CPU.Build.0 = Release|Any CPU
		{D8715C04-C419-47A8-84CF-252B41674A9A}.Debug|Any CPU.ActiveCfg = Debug|Any CPU
		{D8715C04-C419-47A8-84CF-252B41674A9A}.Debug|Any CPU.Build.0 = Debug|Any CPU
		{D8715C04-C419-47A8-84CF-252B41674A9A}.Release|Any CPU.ActiveCfg = Release|Any CPU
		{D8715C04-C419-47A8-84CF-252B41674A9A}.Release|Any CPU.Build.0 = Release|Any CPU
		{882A3B3F-1A15-498D-A935-22C3E5BC6F5F}.Debug|Any CPU.ActiveCfg = Debug|Any CPU
		{882A3B3F-1A15-498D-A935-22C3E5BC6F5F}.Debug|Any CPU.Build.0 = Debug|Any CPU
		{882A3B3F-1A15-498D-A935-22C3E5BC6F5F}.Release|Any CPU.ActiveCfg = Release|Any CPU
		{882A3B3F-1A15-498D-A935-22C3E5BC6F5F}.Release|Any CPU.Build.0 = Release|Any CPU
		{0ED16D4D-40F5-47E6-B400-A98C288F13F4}.Debug|Any CPU.ActiveCfg = Debug|Any CPU
		{0ED16D4D-40F5-47E6-B400-A98C288F13F4}.Debug|Any CPU.Build.0 = Debug|Any CPU
		{0ED16D4D-40F5-47E6-B400-A98C288F13F4}.Release|Any CPU.ActiveCfg = Release|Any CPU
		{0ED16D4D-40F5-47E6-B400-A98C288F13F4}.Release|Any CPU.Build.0 = Release|Any CPU
	EndGlobalSection
	GlobalSection(SolutionProperties) = preSolution
		HideSolutionNode = FALSE
	EndGlobalSection
	GlobalSection(ExtensibilityGlobals) = postSolution
		SolutionGuid = {81E019AB-3125-4ACF-8363-28B0A9BB30B2}
	EndGlobalSection
EndGlobal
