
Microsoft Visual Studio Solution File, Format Version 12.00
# Visual Studio Version 16
VisualStudioVersion = 16.0.30907.101
MinimumVisualStudioVersion = 10.0.40219.1
Project("{9A19103F-16F7-4668-BE54-9A1E7A4F7556}") = "DynamicManager.Server", "Server\DynamicManager.Server.csproj", "{13C9CF2D-B444-4494-B3B7-CE5D4BC0B413}"
EndProject
Project("{9A19103F-16F7-4668-BE54-9A1E7A4F7556}") = "DynamicManager.Client", "Client\DynamicManager.Client.csproj", "{75D6D964-00C1-4624-A304-434F9440E7E0}"
EndProject
Project("{9A19103F-16F7-4668-BE54-9A1E7A4F7556}") = "DynamicManager.Shared", "Shared\DynamicManager.Shared.csproj", "{99880D85-490F-415F-9B71-03BF1BDBDC57}"
EndProject
Project("{FAE04EC0-301F-11D3-BF4B-00C04F79EFBC}") = "Database", "Database\Database.csproj", "{E510F071-6D63-47FB-97D2-8496844EBD58}"
EndProject
Global
	GlobalSection(SolutionConfigurationPlatforms) = preSolution
		Debug|Any CPU = Debug|Any CPU
		Release|Any CPU = Release|Any CPU
	EndGlobalSection
	GlobalSection(ProjectConfigurationPlatforms) = postSolution
		{13C9CF2D-B444-4494-B3B7-CE5D4BC0B413}.Debug|Any CPU.ActiveCfg = Debug|Any CPU
		{13C9CF2D-B444-4494-B3B7-CE5D4BC0B413}.Debug|Any CPU.Build.0 = Debug|Any CPU
		{13C9CF2D-B444-4494-B3B7-CE5D4BC0B413}.Release|Any CPU.ActiveCfg = Release|Any CPU
		{13C9CF2D-B444-4494-B3B7-CE5D4BC0B413}.Release|Any CPU.Build.0 = Release|Any CPU
		{75D6D964-00C1-4624-A304-434F9440E7E0}.Debug|Any CPU.ActiveCfg = Debug|Any CPU
		{75D6D964-00C1-4624-A304-434F9440E7E0}.Debug|Any CPU.Build.0 = Debug|Any CPU
		{75D6D964-00C1-4624-A304-434F9440E7E0}.Release|Any CPU.ActiveCfg = Release|Any CPU
		{75D6D964-00C1-4624-A304-434F9440E7E0}.Release|Any CPU.Build.0 = Release|Any CPU
		{99880D85-490F-415F-9B71-03BF1BDBDC57}.Debug|Any CPU.ActiveCfg = Debug|Any CPU
		{99880D85-490F-415F-9B71-03BF1BDBDC57}.Debug|Any CPU.Build.0 = Debug|Any CPU
		{99880D85-490F-415F-9B71-03BF1BDBDC57}.Release|Any CPU.ActiveCfg = Release|Any CPU
		{99880D85-490F-415F-9B71-03BF1BDBDC57}.Release|Any CPU.Build.0 = Release|Any CPU
		{E510F071-6D63-47FB-97D2-8496844EBD58}.Debug|Any CPU.ActiveCfg = Debug|Any CPU
		{E510F071-6D63-47FB-97D2-8496844EBD58}.Debug|Any CPU.Build.0 = Debug|Any CPU
		{E510F071-6D63-47FB-97D2-8496844EBD58}.Release|Any CPU.ActiveCfg = Release|Any CPU
		{E510F071-6D63-47FB-97D2-8496844EBD58}.Release|Any CPU.Build.0 = Release|Any CPU
	EndGlobalSection
	GlobalSection(SolutionProperties) = preSolution
		HideSolutionNode = FALSE
	EndGlobalSection
	GlobalSection(ExtensibilityGlobals) = postSolution
		SolutionGuid = {4E1C8E00-61F0-43A4-AD65-8A0A30DA5A2C}
	EndGlobalSection
EndGlobal
